
Microsoft Visual Studio Solution File, Format Version 12.00
# Visual Studio Version 17
VisualStudioVersion = 17.1.32210.238
MinimumVisualStudioVersion = 10.0.40219.1
Project("{8BC9CEB8-8B4A-11D0-8D11-00A0C91BC942}") = "Game_AW", "Game_AW\Game_AW.vcxproj", "{34A77D89-BCDA-47F6-AD9F-944D60A5F199}"
EndProject
Project("{8BC9CEB8-8B4A-11D0-8D11-00A0C91BC942}") = "Otter", "Otter\Otter.vcxproj", "{CD4DF4A5-ABF5-49E0-9D84-21EF6E404B98}"
EndProject
Project("{8BC9CEB8-8B4A-11D0-8D11-00A0C91BC942}") = "glfw", "glfw_proj\src\glfw.vcxproj", "{078577EB-9EF4-3CD6-82FD-D86B3560787A}"
EndProject
Global
	GlobalSection(SolutionConfigurationPlatforms) = preSolution
		Debug|x64 = Debug|x64
		Debug|x86 = Debug|x86
		MinSizeRel|x64 = MinSizeRel|x64
		MinSizeRel|x86 = MinSizeRel|x86
		Release|x64 = Release|x64
		Release|x86 = Release|x86
		RelWithDebInfo|x64 = RelWithDebInfo|x64
		RelWithDebInfo|x86 = RelWithDebInfo|x86
	EndGlobalSection
	GlobalSection(ProjectConfigurationPlatforms) = postSolution
		{34A77D89-BCDA-47F6-AD9F-944D60A5F199}.Debug|x64.ActiveCfg = Debug|x64
		{34A77D89-BCDA-47F6-AD9F-944D60A5F199}.Debug|x64.Build.0 = Debug|x64
		{34A77D89-BCDA-47F6-AD9F-944D60A5F199}.Debug|x86.ActiveCfg = Debug|Win32
		{34A77D89-BCDA-47F6-AD9F-944D60A5F199}.Debug|x86.Build.0 = Debug|Win32
		{34A77D89-BCDA-47F6-AD9F-944D60A5F199}.MinSizeRel|x64.ActiveCfg = Debug|x64
		{34A77D89-BCDA-47F6-AD9F-944D60A5F199}.MinSizeRel|x64.Build.0 = Debug|x64
		{34A77D89-BCDA-47F6-AD9F-944D60A5F199}.MinSizeRel|x86.ActiveCfg = Debug|Win32
		{34A77D89-BCDA-47F6-AD9F-944D60A5F199}.MinSizeRel|x86.Build.0 = Debug|Win32
		{34A77D89-BCDA-47F6-AD9F-944D60A5F199}.Release|x64.ActiveCfg = Release|x64
		{34A77D89-BCDA-47F6-AD9F-944D60A5F199}.Release|x64.Build.0 = Release|x64
		{34A77D89-BCDA-47F6-AD9F-944D60A5F199}.Release|x86.ActiveCfg = Release|Win32
		{34A77D89-BCDA-47F6-AD9F-944D60A5F199}.Release|x86.Build.0 = Release|Win32
		{34A77D89-BCDA-47F6-AD9F-944D60A5F199}.RelWithDebInfo|x64.ActiveCfg = Release|x64
		{34A77D89-BCDA-47F6-AD9F-944D60A5F199}.RelWithDebInfo|x64.Build.0 = Release|x64
		{34A77D89-BCDA-47F6-AD9F-944D60A5F199}.RelWithDebInfo|x86.ActiveCfg = Release|Win32
		{34A77D89-BCDA-47F6-AD9F-944D60A5F199}.RelWithDebInfo|x86.Build.0 = Release|Win32
		{CD4DF4A5-ABF5-49E0-9D84-21EF6E404B98}.Debug|x64.ActiveCfg = Debug|x64
		{CD4DF4A5-ABF5-49E0-9D84-21EF6E404B98}.Debug|x64.Build.0 = Debug|x64
		{CD4DF4A5-ABF5-49E0-9D84-21EF6E404B98}.Debug|x86.ActiveCfg = Debug|Win32
		{CD4DF4A5-ABF5-49E0-9D84-21EF6E404B98}.Debug|x86.Build.0 = Debug|Win32
		{CD4DF4A5-ABF5-49E0-9D84-21EF6E404B98}.MinSizeRel|x64.ActiveCfg = Debug|x64
		{CD4DF4A5-ABF5-49E0-9D84-21EF6E404B98}.MinSizeRel|x64.Build.0 = Debug|x64
		{CD4DF4A5-ABF5-49E0-9D84-21EF6E404B98}.MinSizeRel|x86.ActiveCfg = Debug|Win32
		{CD4DF4A5-ABF5-49E0-9D84-21EF6E404B98}.MinSizeRel|x86.Build.0 = Debug|Win32
		{CD4DF4A5-ABF5-49E0-9D84-21EF6E404B98}.Release|x64.ActiveCfg = Release|x64
		{CD4DF4A5-ABF5-49E0-9D84-21EF6E404B98}.Release|x64.Build.0 = Release|x64
		{CD4DF4A5-ABF5-49E0-9D84-21EF6E404B98}.Release|x86.ActiveCfg = Release|Win32
		{CD4DF4A5-ABF5-49E0-9D84-21EF6E404B98}.Release|x86.Build.0 = Release|Win32
		{CD4DF4A5-ABF5-49E0-9D84-21EF6E404B98}.RelWithDebInfo|x64.ActiveCfg = Release|x64
		{CD4DF4A5-ABF5-49E0-9D84-21EF6E404B98}.RelWithDebInfo|x64.Build.0 = Release|x64
		{CD4DF4A5-ABF5-49E0-9D84-21EF6E404B98}.RelWithDebInfo|x86.ActiveCfg = Release|Win32
		{CD4DF4A5-ABF5-49E0-9D84-21EF6E404B98}.RelWithDebInfo|x86.Build.0 = Release|Win32
		{078577EB-9EF4-3CD6-82FD-D86B3560787A}.Debug|x64.ActiveCfg = Debug|x64
		{078577EB-9EF4-3CD6-82FD-D86B3560787A}.Debug|x64.Build.0 = Debug|x64
		{078577EB-9EF4-3CD6-82FD-D86B3560787A}.Debug|x86.ActiveCfg = Debug|x64
		{078577EB-9EF4-3CD6-82FD-D86B3560787A}.Debug|x86.Build.0 = Debug|x64
		{078577EB-9EF4-3CD6-82FD-D86B3560787A}.MinSizeRel|x64.ActiveCfg = MinSizeRel|x64
		{078577EB-9EF4-3CD6-82FD-D86B3560787A}.MinSizeRel|x64.Build.0 = MinSizeRel|x64
		{078577EB-9EF4-3CD6-82FD-D86B3560787A}.MinSizeRel|x86.ActiveCfg = MinSizeRel|x64
		{078577EB-9EF4-3CD6-82FD-D86B3560787A}.MinSizeRel|x86.Build.0 = MinSizeRel|x64
		{078577EB-9EF4-3CD6-82FD-D86B3560787A}.Release|x64.ActiveCfg = Release|x64
		{078577EB-9EF4-3CD6-82FD-D86B3560787A}.Release|x64.Build.0 = Release|x64
		{078577EB-9EF4-3CD6-82FD-D86B3560787A}.Release|x86.ActiveCfg = Release|x64
		{078577EB-9EF4-3CD6-82FD-D86B3560787A}.Release|x86.Build.0 = Release|x64
		{078577EB-9EF4-3CD6-82FD-D86B3560787A}.RelWithDebInfo|x64.ActiveCfg = RelWithDebInfo|x64
		{078577EB-9EF4-3CD6-82FD-D86B3560787A}.RelWithDebInfo|x64.Build.0 = RelWithDebInfo|x64
		{078577EB-9EF4-3CD6-82FD-D86B3560787A}.RelWithDebInfo|x86.ActiveCfg = RelWithDebInfo|x64
		{078577EB-9EF4-3CD6-82FD-D86B3560787A}.RelWithDebInfo|x86.Build.0 = RelWithDebInfo|x64
	EndGlobalSection
	GlobalSection(SolutionProperties) = preSolution
		HideSolutionNode = FALSE
	EndGlobalSection
	GlobalSection(ExtensibilityGlobals) = postSolution
		SolutionGuid = {031E9CE5-29AD-4ED8-8301-DDEEB7172CB4}
	EndGlobalSection
EndGlobal
